
Microsoft Visual Studio Solution File, Format Version 12.00
# Visual Studio Version 16
VisualStudioVersion = 16.0.29102.190
MinimumVisualStudioVersion = 10.0.40219.1
Project("{FAE04EC0-301F-11D3-BF4B-00C04F79EFBC}") = "HelloWorld1", "HelloWorld1\HelloWorld1.csproj", "{3CC460FA-C497-4E43-BDB7-4D3CC491BCB1}"
EndProject
Project("{FAE04EC0-301F-11D3-BF4B-00C04F79EFBC}") = "StudentDiary", "StudentDiary\StudentDiary.csproj", "{17836758-453B-4B40-A3D3-35D51C39DDA1}"
EndProject
Global
	GlobalSection(SolutionConfigurationPlatforms) = preSolution
		Debug|Any CPU = Debug|Any CPU
		Release|Any CPU = Release|Any CPU
	EndGlobalSection
	GlobalSection(ProjectConfigurationPlatforms) = postSolution
		{3CC460FA-C497-4E43-BDB7-4D3CC491BCB1}.Debug|Any CPU.ActiveCfg = Debug|Any CPU
		{3CC460FA-C497-4E43-BDB7-4D3CC491BCB1}.Debug|Any CPU.Build.0 = Debug|Any CPU
		{3CC460FA-C497-4E43-BDB7-4D3CC491BCB1}.Release|Any CPU.ActiveCfg = Release|Any CPU
		{3CC460FA-C497-4E43-BDB7-4D3CC491BCB1}.Release|Any CPU.Build.0 = Release|Any CPU
		{17836758-453B-4B40-A3D3-35D51C39DDA1}.Debug|Any CPU.ActiveCfg = Debug|Any CPU
		{17836758-453B-4B40-A3D3-35D51C39DDA1}.Debug|Any CPU.Build.0 = Debug|Any CPU
		{17836758-453B-4B40-A3D3-35D51C39DDA1}.Release|Any CPU.ActiveCfg = Release|Any CPU
		{17836758-453B-4B40-A3D3-35D51C39DDA1}.Release|Any CPU.Build.0 = Release|Any CPU
	EndGlobalSection
	GlobalSection(SolutionProperties) = preSolution
		HideSolutionNode = FALSE
	EndGlobalSection
	GlobalSection(ExtensibilityGlobals) = postSolution
		SolutionGuid = {EE7138A9-667A-411F-9C14-E2BBD5856976}
	EndGlobalSection
EndGlobal
